// !$*UTF8*$!
{
	archiveVersion = 1;
	classes = {
	};
	objectVersion = 55;
	objects = {

/* Begin PBXBuildFile section */
		6407546C280817EA0061F867 /* TripSummary.swift in Sources */ = {isa = PBXBuildFile; fileRef = 6407546B280817EA0061F867 /* TripSummary.swift */; };
		6407547128081EE70061F867 /* TripDaysList.swift in Sources */ = {isa = PBXBuildFile; fileRef = 6407547028081EE70061F867 /* TripDaysList.swift */; };
		6409D3BD280ABFAD00188FFA /* CreateListSection.swift in Sources */ = {isa = PBXBuildFile; fileRef = 6409D3BC280ABFAD00188FFA /* CreateListSection.swift */; };
		6409D3BF280AC8CF00188FFA /* AddItem.swift in Sources */ = {isa = PBXBuildFile; fileRef = 6409D3BE280AC8CF00188FFA /* AddItem.swift */; };
		6424B974280327C400779615 /* TravelApp.xcdatamodeld in Sources */ = {isa = PBXBuildFile; fileRef = 6424B972280327C400779615 /* TravelApp.xcdatamodeld */; };
		6424B9762803592C00779615 /* IconCircleButton.swift in Sources */ = {isa = PBXBuildFile; fileRef = 6424B9752803592C00779615 /* IconCircleButton.swift */; };
		6432732528152A7A00B426F9 /* TripDetailsForm.swift in Sources */ = {isa = PBXBuildFile; fileRef = 6432732428152A7A00B426F9 /* TripDetailsForm.swift */; };
		6432732728152B7B00B426F9 /* TravelPlacePicker.swift in Sources */ = {isa = PBXBuildFile; fileRef = 6432732628152B7B00B426F9 /* TravelPlacePicker.swift */; };
		64506D77280C62BF004AD576 /* HubsSection.swift in Sources */ = {isa = PBXBuildFile; fileRef = 64506D76280C62BF004AD576 /* HubsSection.swift */; };
		64506D79280C62D9004AD576 /* ListSectionHeader.swift in Sources */ = {isa = PBXBuildFile; fileRef = 64506D78280C62D9004AD576 /* ListSectionHeader.swift */; };
		6459E31C27EF557B00FF69C3 /* TravelAppApp.swift in Sources */ = {isa = PBXBuildFile; fileRef = 6459E31B27EF557B00FF69C3 /* TravelAppApp.swift */; };
		6459E32027EF557E00FF69C3 /* Assets.xcassets in Resources */ = {isa = PBXBuildFile; fileRef = 6459E31F27EF557E00FF69C3 /* Assets.xcassets */; };
		6459E32327EF557E00FF69C3 /* Preview Assets.xcassets in Resources */ = {isa = PBXBuildFile; fileRef = 6459E32227EF557E00FF69C3 /* Preview Assets.xcassets */; };
		6459E32527EF557E00FF69C3 /* Persistence.swift in Sources */ = {isa = PBXBuildFile; fileRef = 6459E32427EF557E00FF69C3 /* Persistence.swift */; };
		6459E33627F2281900FF69C3 /* TripItem.swift in Sources */ = {isa = PBXBuildFile; fileRef = 6459E33527F2281900FF69C3 /* TripItem.swift */; };
		645AB1382807E3E200E89B68 /* SheetHeader.swift in Sources */ = {isa = PBXBuildFile; fileRef = 645AB1372807E3E200E89B68 /* SheetHeader.swift */; };
		645AB13A2807F16800E89B68 /* ThumbnailSearchService.swift in Sources */ = {isa = PBXBuildFile; fileRef = 645AB1392807F16800E89B68 /* ThumbnailSearchService.swift */; };
		645AB13C2807F79A00E89B68 /* BlurHashView.swift in Sources */ = {isa = PBXBuildFile; fileRef = 645AB13B2807F79A00E89B68 /* BlurHashView.swift */; };
		645AB13F2807F86300E89B68 /* BlurHashDecode.swift in Sources */ = {isa = PBXBuildFile; fileRef = 645AB13E2807F86300E89B68 /* BlurHashDecode.swift */; };
		645AB1432807FF2D00E89B68 /* BlurHashImage.swift in Sources */ = {isa = PBXBuildFile; fileRef = 645AB1422807FF2D00E89B68 /* BlurHashImage.swift */; };
		645AB14728080D0500E89B68 /* .gitignore in Resources */ = {isa = PBXBuildFile; fileRef = 645AB14628080D0500E89B68 /* .gitignore */; };
		645AB14A28080EEA00E89B68 /* TripDetail.swift in Sources */ = {isa = PBXBuildFile; fileRef = 645AB14928080EEA00E89B68 /* TripDetail.swift */; };
		645AEA3D280AA98200B6542E /* PoiListSection.swift in Sources */ = {isa = PBXBuildFile; fileRef = 645AEA3C280AA98200B6542E /* PoiListSection.swift */; };
		645DFA3827FDE5ED0013A3B1 /* LocationSearchService.swift in Sources */ = {isa = PBXBuildFile; fileRef = 645DFA3727FDE5ED0013A3B1 /* LocationSearchService.swift */; };
		6463A559281A63A700E34B33 /* HubSearch.swift in Sources */ = {isa = PBXBuildFile; fileRef = 6463A558281A63A700E34B33 /* HubSearch.swift */; };
		6463A55C281A769000E34B33 /* HubDetails.swift in Sources */ = {isa = PBXBuildFile; fileRef = 6463A55B281A769000E34B33 /* HubDetails.swift */; };
		6463A560281A76C100E34B33 /* TripEditForm.swift in Sources */ = {isa = PBXBuildFile; fileRef = 6463A55F281A76C100E34B33 /* TripEditForm.swift */; };
		6463A562281A798E00E34B33 /* View.swift in Sources */ = {isa = PBXBuildFile; fileRef = 6463A561281A798E00E34B33 /* View.swift */; };
		6463A565281A83DE00E34B33 /* TripDayItinerary.swift in Sources */ = {isa = PBXBuildFile; fileRef = 6463A564281A83DE00E34B33 /* TripDayItinerary.swift */; };
		6463A568281D26AD00E34B33 /* StepDivider.swift in Sources */ = {isa = PBXBuildFile; fileRef = 6463A567281D26AD00E34B33 /* StepDivider.swift */; };
		6463A56A281D287F00E34B33 /* TravelStep.swift in Sources */ = {isa = PBXBuildFile; fileRef = 6463A569281D287F00E34B33 /* TravelStep.swift */; };
		6463A56C281D29CB00E34B33 /* HubStep.swift in Sources */ = {isa = PBXBuildFile; fileRef = 6463A56B281D29CB00E34B33 /* HubStep.swift */; };
		6463A56F281D2D0E00E34B33 /* StepView.swift in Sources */ = {isa = PBXBuildFile; fileRef = 6463A56E281D2D0E00E34B33 /* StepView.swift */; };
		6463A571281D34B500E34B33 /* AddStepButton.swift in Sources */ = {isa = PBXBuildFile; fileRef = 6463A570281D34B500E34B33 /* AddStepButton.swift */; };
		6463A573281D350600E34B33 /* StepCreation.swift in Sources */ = {isa = PBXBuildFile; fileRef = 6463A572281D350600E34B33 /* StepCreation.swift */; };
		6463A575281D392900E34B33 /* StepForm.swift in Sources */ = {isa = PBXBuildFile; fileRef = 6463A574281D392900E34B33 /* StepForm.swift */; };
		6463A578281D408800E34B33 /* StepDescriptor.swift in Sources */ = {isa = PBXBuildFile; fileRef = 6463A577281D408800E34B33 /* StepDescriptor.swift */; };
		6463A57A281E6FDE00E34B33 /* ItineraryMap.swift in Sources */ = {isa = PBXBuildFile; fileRef = 6463A579281E6FDE00E34B33 /* ItineraryMap.swift */; };
		6463A58C281FA08C00E34B33 /* SearchBar.swift in Sources */ = {isa = PBXBuildFile; fileRef = 6463A58B281FA08C00E34B33 /* SearchBar.swift */; };
		6463A58E281FA14800E34B33 /* ElevatedBackground.swift in Sources */ = {isa = PBXBuildFile; fileRef = 6463A58D281FA14800E34B33 /* ElevatedBackground.swift */; };
		64725DE0280EF262002D8967 /* InfoSection.swift in Sources */ = {isa = PBXBuildFile; fileRef = 64725DDF280EF262002D8967 /* InfoSection.swift */; };
		64725DE4280F2319002D8967 /* PoiSearch.swift in Sources */ = {isa = PBXBuildFile; fileRef = 64725DE3280F2319002D8967 /* PoiSearch.swift */; };
		647EA9612813E93A000E7E5D /* InfoItem.swift in Sources */ = {isa = PBXBuildFile; fileRef = 647EA9602813E93A000E7E5D /* InfoItem.swift */; };
		647EA96728141336000E7E5D /* TripCreation.swift in Sources */ = {isa = PBXBuildFile; fileRef = 647EA96628141336000E7E5D /* TripCreation.swift */; };
		648B97D3280BFF3A00B3BFFC /* EditableItem.swift in Sources */ = {isa = PBXBuildFile; fileRef = 648B97D2280BFF3A00B3BFFC /* EditableItem.swift */; };
		64C3214E2801786C00AE7357 /* Tag.swift in Sources */ = {isa = PBXBuildFile; fileRef = 64C3214D2801786C00AE7357 /* Tag.swift */; };
		64C321502801794900AE7357 /* TripList.swift in Sources */ = {isa = PBXBuildFile; fileRef = 64C3214F2801794900AE7357 /* TripList.swift */; };
		64C8B0E42811406F00A0397B /* PoiDetails.swift in Sources */ = {isa = PBXBuildFile; fileRef = 64C8B0E32811406F00A0397B /* PoiDetails.swift */; };
		64CA9912280AB66A0047234D /* PoI.swift in Sources */ = {isa = PBXBuildFile; fileRef = 64CA9911280AB66A0047234D /* PoI.swift */; };
/* End PBXBuildFile section */

/* Begin PBXFileReference section */
		6407546B280817EA0061F867 /* TripSummary.swift */ = {isa = PBXFileReference; lastKnownFileType = sourcecode.swift; path = TripSummary.swift; sourceTree = "<group>"; };
		6407547028081EE70061F867 /* TripDaysList.swift */ = {isa = PBXFileReference; lastKnownFileType = sourcecode.swift; path = TripDaysList.swift; sourceTree = "<group>"; };
		6409D3BC280ABFAD00188FFA /* CreateListSection.swift */ = {isa = PBXFileReference; lastKnownFileType = sourcecode.swift; path = CreateListSection.swift; sourceTree = "<group>"; };
		6409D3BE280AC8CF00188FFA /* AddItem.swift */ = {isa = PBXFileReference; lastKnownFileType = sourcecode.swift; path = AddItem.swift; sourceTree = "<group>"; };
		6424B973280327C400779615 /* TravelApp.xcdatamodel */ = {isa = PBXFileReference; lastKnownFileType = wrapper.xcdatamodel; path = TravelApp.xcdatamodel; sourceTree = "<group>"; };
		6424B9752803592C00779615 /* IconCircleButton.swift */ = {isa = PBXFileReference; lastKnownFileType = sourcecode.swift; path = IconCircleButton.swift; sourceTree = "<group>"; };
		6432732428152A7A00B426F9 /* TripDetailsForm.swift */ = {isa = PBXFileReference; lastKnownFileType = sourcecode.swift; path = TripDetailsForm.swift; sourceTree = "<group>"; };
		6432732628152B7B00B426F9 /* TravelPlacePicker.swift */ = {isa = PBXFileReference; lastKnownFileType = sourcecode.swift; path = TravelPlacePicker.swift; sourceTree = "<group>"; };
		64506D76280C62BF004AD576 /* HubsSection.swift */ = {isa = PBXFileReference; lastKnownFileType = sourcecode.swift; path = HubsSection.swift; sourceTree = "<group>"; };
		64506D78280C62D9004AD576 /* ListSectionHeader.swift */ = {isa = PBXFileReference; lastKnownFileType = sourcecode.swift; path = ListSectionHeader.swift; sourceTree = "<group>"; };
		6459E31827EF557B00FF69C3 /* TravelApp.app */ = {isa = PBXFileReference; explicitFileType = wrapper.application; includeInIndex = 0; path = TravelApp.app; sourceTree = BUILT_PRODUCTS_DIR; };
		6459E31B27EF557B00FF69C3 /* TravelAppApp.swift */ = {isa = PBXFileReference; lastKnownFileType = sourcecode.swift; path = TravelAppApp.swift; sourceTree = "<group>"; };
		6459E31F27EF557E00FF69C3 /* Assets.xcassets */ = {isa = PBXFileReference; lastKnownFileType = folder.assetcatalog; path = Assets.xcassets; sourceTree = "<group>"; };
		6459E32227EF557E00FF69C3 /* Preview Assets.xcassets */ = {isa = PBXFileReference; lastKnownFileType = folder.assetcatalog; path = "Preview Assets.xcassets"; sourceTree = "<group>"; };
		6459E32427EF557E00FF69C3 /* Persistence.swift */ = {isa = PBXFileReference; lastKnownFileType = sourcecode.swift; path = Persistence.swift; sourceTree = "<group>"; };
		6459E33527F2281900FF69C3 /* TripItem.swift */ = {isa = PBXFileReference; lastKnownFileType = sourcecode.swift; path = TripItem.swift; sourceTree = "<group>"; };
		645AB1372807E3E200E89B68 /* SheetHeader.swift */ = {isa = PBXFileReference; lastKnownFileType = sourcecode.swift; path = SheetHeader.swift; sourceTree = "<group>"; };
		645AB1392807F16800E89B68 /* ThumbnailSearchService.swift */ = {isa = PBXFileReference; lastKnownFileType = sourcecode.swift; path = ThumbnailSearchService.swift; sourceTree = "<group>"; };
		645AB13B2807F79A00E89B68 /* BlurHashView.swift */ = {isa = PBXFileReference; lastKnownFileType = sourcecode.swift; path = BlurHashView.swift; sourceTree = "<group>"; };
		645AB13E2807F86300E89B68 /* BlurHashDecode.swift */ = {isa = PBXFileReference; lastKnownFileType = sourcecode.swift; path = BlurHashDecode.swift; sourceTree = "<group>"; };
		645AB1422807FF2D00E89B68 /* BlurHashImage.swift */ = {isa = PBXFileReference; lastKnownFileType = sourcecode.swift; path = BlurHashImage.swift; sourceTree = "<group>"; };
		645AB1442808074900E89B68 /* Secrets.xcconfig */ = {isa = PBXFileReference; lastKnownFileType = text.xcconfig; path = Secrets.xcconfig; sourceTree = "<group>"; };
		645AB1452808093300E89B68 /* Info.plist */ = {isa = PBXFileReference; lastKnownFileType = text.plist; path = Info.plist; sourceTree = "<group>"; };
		645AB14628080D0500E89B68 /* .gitignore */ = {isa = PBXFileReference; lastKnownFileType = text; path = .gitignore; sourceTree = "<group>"; };
		645AB14928080EEA00E89B68 /* TripDetail.swift */ = {isa = PBXFileReference; lastKnownFileType = sourcecode.swift; path = TripDetail.swift; sourceTree = "<group>"; };
		645AEA3C280AA98200B6542E /* PoiListSection.swift */ = {isa = PBXFileReference; lastKnownFileType = sourcecode.swift; path = PoiListSection.swift; sourceTree = "<group>"; };
		645DFA3727FDE5ED0013A3B1 /* LocationSearchService.swift */ = {isa = PBXFileReference; lastKnownFileType = sourcecode.swift; path = LocationSearchService.swift; sourceTree = "<group>"; };
		6463A558281A63A700E34B33 /* HubSearch.swift */ = {isa = PBXFileReference; fileEncoding = 4; lastKnownFileType = sourcecode.swift; path = HubSearch.swift; sourceTree = "<group>"; };
		6463A55B281A769000E34B33 /* HubDetails.swift */ = {isa = PBXFileReference; lastKnownFileType = sourcecode.swift; path = HubDetails.swift; sourceTree = "<group>"; };
		6463A55F281A76C100E34B33 /* TripEditForm.swift */ = {isa = PBXFileReference; lastKnownFileType = sourcecode.swift; path = TripEditForm.swift; sourceTree = "<group>"; };
		6463A561281A798E00E34B33 /* View.swift */ = {isa = PBXFileReference; lastKnownFileType = sourcecode.swift; path = View.swift; sourceTree = "<group>"; };
		6463A564281A83DE00E34B33 /* TripDayItinerary.swift */ = {isa = PBXFileReference; lastKnownFileType = sourcecode.swift; path = TripDayItinerary.swift; sourceTree = "<group>"; };
		6463A567281D26AD00E34B33 /* StepDivider.swift */ = {isa = PBXFileReference; lastKnownFileType = sourcecode.swift; path = StepDivider.swift; sourceTree = "<group>"; };
		6463A569281D287F00E34B33 /* TravelStep.swift */ = {isa = PBXFileReference; lastKnownFileType = sourcecode.swift; path = TravelStep.swift; sourceTree = "<group>"; };
		6463A56B281D29CB00E34B33 /* HubStep.swift */ = {isa = PBXFileReference; lastKnownFileType = sourcecode.swift; path = HubStep.swift; sourceTree = "<group>"; };
		6463A56E281D2D0E00E34B33 /* StepView.swift */ = {isa = PBXFileReference; lastKnownFileType = sourcecode.swift; path = StepView.swift; sourceTree = "<group>"; };
		6463A570281D34B500E34B33 /* AddStepButton.swift */ = {isa = PBXFileReference; lastKnownFileType = sourcecode.swift; path = AddStepButton.swift; sourceTree = "<group>"; };
		6463A572281D350600E34B33 /* StepCreation.swift */ = {isa = PBXFileReference; lastKnownFileType = sourcecode.swift; path = StepCreation.swift; sourceTree = "<group>"; };
		6463A574281D392900E34B33 /* StepForm.swift */ = {isa = PBXFileReference; lastKnownFileType = sourcecode.swift; path = StepForm.swift; sourceTree = "<group>"; };
		6463A577281D408800E34B33 /* StepDescriptor.swift */ = {isa = PBXFileReference; lastKnownFileType = sourcecode.swift; path = StepDescriptor.swift; sourceTree = "<group>"; };
		6463A579281E6FDE00E34B33 /* ItineraryMap.swift */ = {isa = PBXFileReference; lastKnownFileType = sourcecode.swift; path = ItineraryMap.swift; sourceTree = "<group>"; };
		6463A58B281FA08C00E34B33 /* SearchBar.swift */ = {isa = PBXFileReference; fileEncoding = 4; lastKnownFileType = sourcecode.swift; path = SearchBar.swift; sourceTree = "<group>"; };
		6463A58D281FA14800E34B33 /* ElevatedBackground.swift */ = {isa = PBXFileReference; fileEncoding = 4; lastKnownFileType = sourcecode.swift; path = ElevatedBackground.swift; sourceTree = "<group>"; };
		64725DDF280EF262002D8967 /* InfoSection.swift */ = {isa = PBXFileReference; lastKnownFileType = sourcecode.swift; path = InfoSection.swift; sourceTree = "<group>"; };
		64725DE3280F2319002D8967 /* PoiSearch.swift */ = {isa = PBXFileReference; lastKnownFileType = sourcecode.swift; path = PoiSearch.swift; sourceTree = "<group>"; };
		647EA9602813E93A000E7E5D /* InfoItem.swift */ = {isa = PBXFileReference; lastKnownFileType = sourcecode.swift; path = InfoItem.swift; sourceTree = "<group>"; };
		647EA96628141336000E7E5D /* TripCreation.swift */ = {isa = PBXFileReference; fileEncoding = 4; lastKnownFileType = sourcecode.swift; path = TripCreation.swift; sourceTree = "<group>"; };
		648B97D2280BFF3A00B3BFFC /* EditableItem.swift */ = {isa = PBXFileReference; lastKnownFileType = sourcecode.swift; path = EditableItem.swift; sourceTree = "<group>"; };
		64C3214D2801786C00AE7357 /* Tag.swift */ = {isa = PBXFileReference; lastKnownFileType = sourcecode.swift; path = Tag.swift; sourceTree = "<group>"; };
		64C3214F2801794900AE7357 /* TripList.swift */ = {isa = PBXFileReference; fileEncoding = 4; lastKnownFileType = sourcecode.swift; path = TripList.swift; sourceTree = "<group>"; };
		64C8B0E32811406F00A0397B /* PoiDetails.swift */ = {isa = PBXFileReference; lastKnownFileType = sourcecode.swift; path = PoiDetails.swift; sourceTree = "<group>"; };
		64CA9911280AB66A0047234D /* PoI.swift */ = {isa = PBXFileReference; lastKnownFileType = sourcecode.swift; path = PoI.swift; sourceTree = "<group>"; };
/* End PBXFileReference section */

/* Begin PBXFrameworksBuildPhase section */
		6459E31527EF557B00FF69C3 /* Frameworks */ = {
			isa = PBXFrameworksBuildPhase;
			buildActionMask = 2147483647;
			files = (
			);
			runOnlyForDeploymentPostprocessing = 0;
		};
/* End PBXFrameworksBuildPhase section */

/* Begin PBXGroup section */
		6409D3BB280ABF9000188FFA /* TripSummary */ = {
			isa = PBXGroup;
			children = (
				6463A55E281A76AB00E34B33 /* InfoSection */,
				6463A55A281A767B00E34B33 /* HubsSection */,
				6463A55D281A769600E34B33 /* PoiListSection */,
				6409D3BC280ABFAD00188FFA /* CreateListSection.swift */,
				64506D78280C62D9004AD576 /* ListSectionHeader.swift */,
				6407546B280817EA0061F867 /* TripSummary.swift */,
			);
			path = TripSummary;
			sourceTree = "<group>";
		};
		6429E46128031F35006FFD3A /* TripList */ = {
			isa = PBXGroup;
			children = (
				6432732328152A5D00B426F9 /* TripCreation */,
				645DFA3727FDE5ED0013A3B1 /* LocationSearchService.swift */,
				6459E33527F2281900FF69C3 /* TripItem.swift */,
				64C3214F2801794900AE7357 /* TripList.swift */,
			);
			path = TripList;
			sourceTree = "<group>";
		};
		6432732328152A5D00B426F9 /* TripCreation */ = {
			isa = PBXGroup;
			children = (
				647EA96628141336000E7E5D /* TripCreation.swift */,
				6432732428152A7A00B426F9 /* TripDetailsForm.swift */,
				6432732628152B7B00B426F9 /* TravelPlacePicker.swift */,
			);
			path = TripCreation;
			sourceTree = "<group>";
		};
		6459E30F27EF557B00FF69C3 = {
			isa = PBXGroup;
			children = (
				645AB14628080D0500E89B68 /* .gitignore */,
				645AB1442808074900E89B68 /* Secrets.xcconfig */,
				6459E31A27EF557B00FF69C3 /* TravelApp */,
				6459E31927EF557B00FF69C3 /* Products */,
			);
			sourceTree = "<group>";
		};
		6459E31927EF557B00FF69C3 /* Products */ = {
			isa = PBXGroup;
			children = (
				6459E31827EF557B00FF69C3 /* TravelApp.app */,
			);
			name = Products;
			sourceTree = "<group>";
		};
		6459E31A27EF557B00FF69C3 /* TravelApp */ = {
			isa = PBXGroup;
			children = (
				645AB1452808093300E89B68 /* Info.plist */,
				6424B972280327C400779615 /* TravelApp.xcdatamodeld */,
				6459E31B27EF557B00FF69C3 /* TravelAppApp.swift */,
				6459E33027F226E600FF69C3 /* Views */,
				6459E31F27EF557E00FF69C3 /* Assets.xcassets */,
				6459E32427EF557E00FF69C3 /* Persistence.swift */,
				6459E32127EF557E00FF69C3 /* Preview Content */,
				645AB13E2807F86300E89B68 /* BlurHashDecode.swift */,
			);
			path = TravelApp;
			sourceTree = "<group>";
		};
		6459E32127EF557E00FF69C3 /* Preview Content */ = {
			isa = PBXGroup;
			children = (
				6459E32227EF557E00FF69C3 /* Preview Assets.xcassets */,
			);
			path = "Preview Content";
			sourceTree = "<group>";
		};
		6459E33027F226E600FF69C3 /* Views */ = {
			isa = PBXGroup;
			children = (
				6459E33427F2272C00FF69C3 /* Screens */,
				6459E33327F2272800FF69C3 /* Shared */,
				6459E33127F2271600FF69C3 /* Navigation */,
			);
			path = Views;
			sourceTree = "<group>";
		};
		6459E33127F2271600FF69C3 /* Navigation */ = {
			isa = PBXGroup;
			children = (
			);
			path = Navigation;
			sourceTree = "<group>";
		};
		6459E33327F2272800FF69C3 /* Shared */ = {
			isa = PBXGroup;
			children = (
				6463A58B281FA08C00E34B33 /* SearchBar.swift */,
				64C3214D2801786C00AE7357 /* Tag.swift */,
				645AB1392807F16800E89B68 /* ThumbnailSearchService.swift */,
				6463A58D281FA14800E34B33 /* ElevatedBackground.swift */,
				6424B9752803592C00779615 /* IconCircleButton.swift */,
				645AB1372807E3E200E89B68 /* SheetHeader.swift */,
				645AB13B2807F79A00E89B68 /* BlurHashView.swift */,
				645AB1422807FF2D00E89B68 /* BlurHashImage.swift */,
				6409D3BE280AC8CF00188FFA /* AddItem.swift */,
				648B97D2280BFF3A00B3BFFC /* EditableItem.swift */,
				6463A561281A798E00E34B33 /* View.swift */,
			);
			path = Shared;
			sourceTree = "<group>";
		};
		6459E33427F2272C00FF69C3 /* Screens */ = {
			isa = PBXGroup;
			children = (
				645AB14828080EDA00E89B68 /* TripDetail */,
				6429E46128031F35006FFD3A /* TripList */,
			);
			path = Screens;
			sourceTree = "<group>";
		};
		645AB14828080EDA00E89B68 /* TripDetail */ = {
			isa = PBXGroup;
			children = (
				6463A563281A83B200E34B33 /* TripDaysList */,
				6409D3BB280ABF9000188FFA /* TripSummary */,
				645AB14928080EEA00E89B68 /* TripDetail.swift */,
			);
			path = TripDetail;
			sourceTree = "<group>";
		};
		6463A55A281A767B00E34B33 /* HubsSection */ = {
			isa = PBXGroup;
			children = (
				64506D76280C62BF004AD576 /* HubsSection.swift */,
				6463A558281A63A700E34B33 /* HubSearch.swift */,
				6463A55B281A769000E34B33 /* HubDetails.swift */,
			);
			path = HubsSection;
			sourceTree = "<group>";
		};
		6463A55D281A769600E34B33 /* PoiListSection */ = {
			isa = PBXGroup;
			children = (
				645AEA3C280AA98200B6542E /* PoiListSection.swift */,
				64CA9911280AB66A0047234D /* PoI.swift */,
				64C8B0E32811406F00A0397B /* PoiDetails.swift */,
				64725DE3280F2319002D8967 /* PoiSearch.swift */,
			);
			path = PoiListSection;
			sourceTree = "<group>";
		};
		6463A55E281A76AB00E34B33 /* InfoSection */ = {
			isa = PBXGroup;
			children = (
				647EA9602813E93A000E7E5D /* InfoItem.swift */,
				64725DDF280EF262002D8967 /* InfoSection.swift */,
				6463A55F281A76C100E34B33 /* TripEditForm.swift */,
			);
			path = InfoSection;
			sourceTree = "<group>";
		};
		6463A563281A83B200E34B33 /* TripDaysList */ = {
			isa = PBXGroup;
			children = (
				6463A566281D269700E34B33 /* TripDayItinerary */,
				6407547028081EE70061F867 /* TripDaysList.swift */,
			);
			path = TripDaysList;
			sourceTree = "<group>";
		};
		6463A566281D269700E34B33 /* TripDayItinerary */ = {
			isa = PBXGroup;
			children = (
				6463A564281A83DE00E34B33 /* TripDayItinerary.swift */,
				6463A567281D26AD00E34B33 /* StepDivider.swift */,
				6463A569281D287F00E34B33 /* TravelStep.swift */,
				6463A56B281D29CB00E34B33 /* HubStep.swift */,
				6463A56E281D2D0E00E34B33 /* StepView.swift */,
				6463A570281D34B500E34B33 /* AddStepButton.swift */,
				6463A572281D350600E34B33 /* StepCreation.swift */,
				6463A574281D392900E34B33 /* StepForm.swift */,
				6463A577281D408800E34B33 /* StepDescriptor.swift */,
				6463A579281E6FDE00E34B33 /* ItineraryMap.swift */,
			);
			path = TripDayItinerary;
			sourceTree = "<group>";
		};
/* End PBXGroup section */

/* Begin PBXNativeTarget section */
		6459E31727EF557B00FF69C3 /* TravelApp */ = {
			isa = PBXNativeTarget;
			buildConfigurationList = 6459E32B27EF557E00FF69C3 /* Build configuration list for PBXNativeTarget "TravelApp" */;
			buildPhases = (
				6459E31427EF557B00FF69C3 /* Sources */,
				6459E31527EF557B00FF69C3 /* Frameworks */,
				6459E31627EF557B00FF69C3 /* Resources */,
			);
			buildRules = (
			);
			dependencies = (
			);
			name = TravelApp;
			packageProductDependencies = (
			);
			productName = TravelApp;
			productReference = 6459E31827EF557B00FF69C3 /* TravelApp.app */;
			productType = "com.apple.product-type.application";
		};
/* End PBXNativeTarget section */

/* Begin PBXProject section */
		6459E31027EF557B00FF69C3 /* Project object */ = {
			isa = PBXProject;
			attributes = {
				BuildIndependentTargetsInParallel = 1;
				LastSwiftUpdateCheck = 1330;
				LastUpgradeCheck = 1330;
				TargetAttributes = {
					6459E31727EF557B00FF69C3 = {
						CreatedOnToolsVersion = 13.3;
					};
				};
			};
			buildConfigurationList = 6459E31327EF557B00FF69C3 /* Build configuration list for PBXProject "TravelApp" */;
			compatibilityVersion = "Xcode 13.0";
			developmentRegion = en;
			hasScannedForEncodings = 0;
			knownRegions = (
				en,
				ru,
			);
			mainGroup = 6459E30F27EF557B00FF69C3;
			packageReferences = (
			);
			productRefGroup = 6459E31927EF557B00FF69C3 /* Products */;
			projectDirPath = "";
			projectRoot = "";
			targets = (
				6459E31727EF557B00FF69C3 /* TravelApp */,
			);
		};
/* End PBXProject section */

/* Begin PBXResourcesBuildPhase section */
		6459E31627EF557B00FF69C3 /* Resources */ = {
			isa = PBXResourcesBuildPhase;
			buildActionMask = 2147483647;
			files = (
				6459E32327EF557E00FF69C3 /* Preview Assets.xcassets in Resources */,
				645AB14728080D0500E89B68 /* .gitignore in Resources */,
				6459E32027EF557E00FF69C3 /* Assets.xcassets in Resources */,
			);
			runOnlyForDeploymentPostprocessing = 0;
		};
/* End PBXResourcesBuildPhase section */

/* Begin PBXSourcesBuildPhase section */
		6459E31427EF557B00FF69C3 /* Sources */ = {
			isa = PBXSourcesBuildPhase;
			buildActionMask = 2147483647;
			files = (
				645AB13C2807F79A00E89B68 /* BlurHashView.swift in Sources */,
				6407546C280817EA0061F867 /* TripSummary.swift in Sources */,
				645DFA3827FDE5ED0013A3B1 /* LocationSearchService.swift in Sources */,
				6432732728152B7B00B426F9 /* TravelPlacePicker.swift in Sources */,
				6463A560281A76C100E34B33 /* TripEditForm.swift in Sources */,
				6463A568281D26AD00E34B33 /* StepDivider.swift in Sources */,
				64506D77280C62BF004AD576 /* HubsSection.swift in Sources */,
				6432732528152A7A00B426F9 /* TripDetailsForm.swift in Sources */,
				6409D3BF280AC8CF00188FFA /* AddItem.swift in Sources */,
				6463A58E281FA14800E34B33 /* ElevatedBackground.swift in Sources */,
				6459E32527EF557E00FF69C3 /* Persistence.swift in Sources */,
				648B97D3280BFF3A00B3BFFC /* EditableItem.swift in Sources */,
				64506D79280C62D9004AD576 /* ListSectionHeader.swift in Sources */,
				6463A578281D408800E34B33 /* StepDescriptor.swift in Sources */,
				64725DE0280EF262002D8967 /* InfoSection.swift in Sources */,
				6463A56F281D2D0E00E34B33 /* StepView.swift in Sources */,
				645AEA3D280AA98200B6542E /* PoiListSection.swift in Sources */,
				6407547128081EE70061F867 /* TripDaysList.swift in Sources */,
				6463A575281D392900E34B33 /* StepForm.swift in Sources */,
				645AB1432807FF2D00E89B68 /* BlurHashImage.swift in Sources */,
				6463A565281A83DE00E34B33 /* TripDayItinerary.swift in Sources */,
				6424B9762803592C00779615 /* IconCircleButton.swift in Sources */,
				6463A57A281E6FDE00E34B33 /* ItineraryMap.swift in Sources */,
				6463A573281D350600E34B33 /* StepCreation.swift in Sources */,
				6463A55C281A769000E34B33 /* HubDetails.swift in Sources */,
				6459E33627F2281900FF69C3 /* TripItem.swift in Sources */,
				64C321502801794900AE7357 /* TripList.swift in Sources */,
				645AB13A2807F16800E89B68 /* ThumbnailSearchService.swift in Sources */,
				647EA96728141336000E7E5D /* TripCreation.swift in Sources */,
				6424B974280327C400779615 /* TravelApp.xcdatamodeld in Sources */,
				6463A56A281D287F00E34B33 /* TravelStep.swift in Sources */,
				6463A559281A63A700E34B33 /* HubSearch.swift in Sources */,
				64C3214E2801786C00AE7357 /* Tag.swift in Sources */,
				6463A571281D34B500E34B33 /* AddStepButton.swift in Sources */,
				64CA9912280AB66A0047234D /* PoI.swift in Sources */,
				6409D3BD280ABFAD00188FFA /* CreateListSection.swift in Sources */,
				64C8B0E42811406F00A0397B /* PoiDetails.swift in Sources */,
				645AB1382807E3E200E89B68 /* SheetHeader.swift in Sources */,
				647EA9612813E93A000E7E5D /* InfoItem.swift in Sources */,
				6463A58C281FA08C00E34B33 /* SearchBar.swift in Sources */,
				64725DE4280F2319002D8967 /* PoiSearch.swift in Sources */,
				6463A56C281D29CB00E34B33 /* HubStep.swift in Sources */,
				6463A562281A798E00E34B33 /* View.swift in Sources */,
				645AB14A28080EEA00E89B68 /* TripDetail.swift in Sources */,
				645AB13F2807F86300E89B68 /* BlurHashDecode.swift in Sources */,
				6459E31C27EF557B00FF69C3 /* TravelAppApp.swift in Sources */,
			);
			runOnlyForDeploymentPostprocessing = 0;
		};
/* End PBXSourcesBuildPhase section */

/* Begin XCBuildConfiguration section */
		6459E32927EF557E00FF69C3 /* Debug */ = {
			isa = XCBuildConfiguration;
			baseConfigurationReference = 645AB1442808074900E89B68 /* Secrets.xcconfig */;
			buildSettings = {
				ALWAYS_SEARCH_USER_PATHS = NO;
				CLANG_ANALYZER_NONNULL = YES;
				CLANG_ANALYZER_NUMBER_OBJECT_CONVERSION = YES_AGGRESSIVE;
				CLANG_CXX_LANGUAGE_STANDARD = "gnu++17";
				CLANG_ENABLE_MODULES = YES;
				CLANG_ENABLE_OBJC_ARC = YES;
				CLANG_ENABLE_OBJC_WEAK = YES;
				CLANG_WARN_BLOCK_CAPTURE_AUTORELEASING = YES;
				CLANG_WARN_BOOL_CONVERSION = YES;
				CLANG_WARN_COMMA = YES;
				CLANG_WARN_CONSTANT_CONVERSION = YES;
				CLANG_WARN_DEPRECATED_OBJC_IMPLEMENTATIONS = YES;
				CLANG_WARN_DIRECT_OBJC_ISA_USAGE = YES_ERROR;
				CLANG_WARN_DOCUMENTATION_COMMENTS = YES;
				CLANG_WARN_EMPTY_BODY = YES;
				CLANG_WARN_ENUM_CONVERSION = YES;
				CLANG_WARN_INFINITE_RECURSION = YES;
				CLANG_WARN_INT_CONVERSION = YES;
				CLANG_WARN_NON_LITERAL_NULL_CONVERSION = YES;
				CLANG_WARN_OBJC_IMPLICIT_RETAIN_SELF = YES;
				CLANG_WARN_OBJC_LITERAL_CONVERSION = YES;
				CLANG_WARN_OBJC_ROOT_CLASS = YES_ERROR;
				CLANG_WARN_QUOTED_INCLUDE_IN_FRAMEWORK_HEADER = YES;
				CLANG_WARN_RANGE_LOOP_ANALYSIS = YES;
				CLANG_WARN_STRICT_PROTOTYPES = YES;
				CLANG_WARN_SUSPICIOUS_MOVE = YES;
				CLANG_WARN_UNGUARDED_AVAILABILITY = YES_AGGRESSIVE;
				CLANG_WARN_UNREACHABLE_CODE = YES;
				CLANG_WARN__DUPLICATE_METHOD_MATCH = YES;
				COPY_PHASE_STRIP = NO;
				DEBUG_INFORMATION_FORMAT = dwarf;
				ENABLE_STRICT_OBJC_MSGSEND = YES;
				ENABLE_TESTABILITY = YES;
				GCC_C_LANGUAGE_STANDARD = gnu11;
				GCC_DYNAMIC_NO_PIC = NO;
				GCC_NO_COMMON_BLOCKS = YES;
				GCC_OPTIMIZATION_LEVEL = 0;
				GCC_PREPROCESSOR_DEFINITIONS = (
					"DEBUG=1",
					"$(inherited)",
				);
				GCC_WARN_64_TO_32_BIT_CONVERSION = YES;
				GCC_WARN_ABOUT_RETURN_TYPE = YES_ERROR;
				GCC_WARN_UNDECLARED_SELECTOR = YES;
				GCC_WARN_UNINITIALIZED_AUTOS = YES_AGGRESSIVE;
				GCC_WARN_UNUSED_FUNCTION = YES;
				GCC_WARN_UNUSED_VARIABLE = YES;
				IPHONEOS_DEPLOYMENT_TARGET = 15.4;
				MTL_ENABLE_DEBUG_INFO = INCLUDE_SOURCE;
				MTL_FAST_MATH = YES;
				ONLY_ACTIVE_ARCH = YES;
				SDKROOT = iphoneos;
				SWIFT_ACTIVE_COMPILATION_CONDITIONS = DEBUG;
				SWIFT_OPTIMIZATION_LEVEL = "-Onone";
			};
			name = Debug;
		};
		6459E32A27EF557E00FF69C3 /* Release */ = {
			isa = XCBuildConfiguration;
			baseConfigurationReference = 645AB1442808074900E89B68 /* Secrets.xcconfig */;
			buildSettings = {
				ALWAYS_SEARCH_USER_PATHS = NO;
				CLANG_ANALYZER_NONNULL = YES;
				CLANG_ANALYZER_NUMBER_OBJECT_CONVERSION = YES_AGGRESSIVE;
				CLANG_CXX_LANGUAGE_STANDARD = "gnu++17";
				CLANG_ENABLE_MODULES = YES;
				CLANG_ENABLE_OBJC_ARC = YES;
				CLANG_ENABLE_OBJC_WEAK = YES;
				CLANG_WARN_BLOCK_CAPTURE_AUTORELEASING = YES;
				CLANG_WARN_BOOL_CONVERSION = YES;
				CLANG_WARN_COMMA = YES;
				CLANG_WARN_CONSTANT_CONVERSION = YES;
				CLANG_WARN_DEPRECATED_OBJC_IMPLEMENTATIONS = YES;
				CLANG_WARN_DIRECT_OBJC_ISA_USAGE = YES_ERROR;
				CLANG_WARN_DOCUMENTATION_COMMENTS = YES;
				CLANG_WARN_EMPTY_BODY = YES;
				CLANG_WARN_ENUM_CONVERSION = YES;
				CLANG_WARN_INFINITE_RECURSION = YES;
				CLANG_WARN_INT_CONVERSION = YES;
				CLANG_WARN_NON_LITERAL_NULL_CONVERSION = YES;
				CLANG_WARN_OBJC_IMPLICIT_RETAIN_SELF = YES;
				CLANG_WARN_OBJC_LITERAL_CONVERSION = YES;
				CLANG_WARN_OBJC_ROOT_CLASS = YES_ERROR;
				CLANG_WARN_QUOTED_INCLUDE_IN_FRAMEWORK_HEADER = YES;
				CLANG_WARN_RANGE_LOOP_ANALYSIS = YES;
				CLANG_WARN_STRICT_PROTOTYPES = YES;
				CLANG_WARN_SUSPICIOUS_MOVE = YES;
				CLANG_WARN_UNGUARDED_AVAILABILITY = YES_AGGRESSIVE;
				CLANG_WARN_UNREACHABLE_CODE = YES;
				CLANG_WARN__DUPLICATE_METHOD_MATCH = YES;
				COPY_PHASE_STRIP = NO;
				DEBUG_INFORMATION_FORMAT = "dwarf-with-dsym";
				ENABLE_NS_ASSERTIONS = NO;
				ENABLE_STRICT_OBJC_MSGSEND = YES;
				GCC_C_LANGUAGE_STANDARD = gnu11;
				GCC_NO_COMMON_BLOCKS = YES;
				GCC_WARN_64_TO_32_BIT_CONVERSION = YES;
				GCC_WARN_ABOUT_RETURN_TYPE = YES_ERROR;
				GCC_WARN_UNDECLARED_SELECTOR = YES;
				GCC_WARN_UNINITIALIZED_AUTOS = YES_AGGRESSIVE;
				GCC_WARN_UNUSED_FUNCTION = YES;
				GCC_WARN_UNUSED_VARIABLE = YES;
				IPHONEOS_DEPLOYMENT_TARGET = 15.4;
				MTL_ENABLE_DEBUG_INFO = NO;
				MTL_FAST_MATH = YES;
				SDKROOT = iphoneos;
				SWIFT_COMPILATION_MODE = wholemodule;
				SWIFT_OPTIMIZATION_LEVEL = "-O";
				VALIDATE_PRODUCT = YES;
			};
			name = Release;
		};
		6459E32C27EF557E00FF69C3 /* Debug */ = {
			isa = XCBuildConfiguration;
			buildSettings = {
				ASSETCATALOG_COMPILER_APPICON_NAME = AppIcon;
				ASSETCATALOG_COMPILER_GLOBAL_ACCENT_COLOR_NAME = AccentColor;
				CODE_SIGN_STYLE = Automatic;
				CURRENT_PROJECT_VERSION = 1;
				DEVELOPMENT_ASSET_PATHS = "\"TravelApp/Preview Content\"";
				DEVELOPMENT_TEAM = YVG657396L;
				ENABLE_PREVIEWS = YES;
				GENERATE_INFOPLIST_FILE = YES;
				INFOPLIST_FILE = TravelApp/Info.plist;
				INFOPLIST_KEY_NSLocationWhenInUseUsageDescription = "App needs your location to calculate travel estimates to your saved locations.";
				INFOPLIST_KEY_UIApplicationSceneManifest_Generation = YES;
				INFOPLIST_KEY_UIApplicationSupportsIndirectInputEvents = YES;
				INFOPLIST_KEY_UILaunchScreen_Generation = YES;
				INFOPLIST_KEY_UISupportedInterfaceOrientations_iPad = "UIInterfaceOrientationPortrait UIInterfaceOrientationPortraitUpsideDown UIInterfaceOrientationLandscapeLeft UIInterfaceOrientationLandscapeRight";
				INFOPLIST_KEY_UISupportedInterfaceOrientations_iPhone = "UIInterfaceOrientationPortrait UIInterfaceOrientationLandscapeLeft UIInterfaceOrientationLandscapeRight";
				LD_RUNPATH_SEARCH_PATHS = (
					"$(inherited)",
					"@executable_path/Frameworks",
				);
				MARKETING_VERSION = 1.0;
				PRODUCT_BUNDLE_IDENTIFIER = io.ushakov.TravelApp;
				PRODUCT_NAME = "$(TARGET_NAME)";
				SWIFT_EMIT_LOC_STRINGS = YES;
				SWIFT_VERSION = 5.0;
				TARGETED_DEVICE_FAMILY = "1,2";
			};
			name = Debug;
		};
		6459E32D27EF557E00FF69C3 /* Release */ = {
			isa = XCBuildConfiguration;
			buildSettings = {
				ASSETCATALOG_COMPILER_APPICON_NAME = AppIcon;
				ASSETCATALOG_COMPILER_GLOBAL_ACCENT_COLOR_NAME = AccentColor;
				CODE_SIGN_STYLE = Automatic;
				CURRENT_PROJECT_VERSION = 1;
				DEVELOPMENT_ASSET_PATHS = "\"TravelApp/Preview Content\"";
				DEVELOPMENT_TEAM = YVG657396L;
				ENABLE_PREVIEWS = YES;
				GENERATE_INFOPLIST_FILE = YES;
				INFOPLIST_FILE = TravelApp/Info.plist;
				INFOPLIST_KEY_NSLocationWhenInUseUsageDescription = "App needs your location to calculate travel estimates to your saved locations.";
				INFOPLIST_KEY_UIApplicationSceneManifest_Generation = YES;
				INFOPLIST_KEY_UIApplicationSupportsIndirectInputEvents = YES;
				INFOPLIST_KEY_UILaunchScreen_Generation = YES;
				INFOPLIST_KEY_UISupportedInterfaceOrientations_iPad = "UIInterfaceOrientationPortrait UIInterfaceOrientationPortraitUpsideDown UIInterfaceOrientationLandscapeLeft UIInterfaceOrientationLandscapeRight";
				INFOPLIST_KEY_UISupportedInterfaceOrientations_iPhone = "UIInterfaceOrientationPortrait UIInterfaceOrientationLandscapeLeft UIInterfaceOrientationLandscapeRight";
				LD_RUNPATH_SEARCH_PATHS = (
					"$(inherited)",
					"@executable_path/Frameworks",
				);
				MARKETING_VERSION = 1.0;
				PRODUCT_BUNDLE_IDENTIFIER = io.ushakov.TravelApp;
				PRODUCT_NAME = "$(TARGET_NAME)";
				SWIFT_EMIT_LOC_STRINGS = YES;
				SWIFT_VERSION = 5.0;
				TARGETED_DEVICE_FAMILY = "1,2";
			};
			name = Release;
		};
/* End XCBuildConfiguration section */

/* Begin XCConfigurationList section */
		6459E31327EF557B00FF69C3 /* Build configuration list for PBXProject "TravelApp" */ = {
			isa = XCConfigurationList;
			buildConfigurations = (
				6459E32927EF557E00FF69C3 /* Debug */,
				6459E32A27EF557E00FF69C3 /* Release */,
			);
			defaultConfigurationIsVisible = 0;
			defaultConfigurationName = Release;
		};
		6459E32B27EF557E00FF69C3 /* Build configuration list for PBXNativeTarget "TravelApp" */ = {
			isa = XCConfigurationList;
			buildConfigurations = (
				6459E32C27EF557E00FF69C3 /* Debug */,
				6459E32D27EF557E00FF69C3 /* Release */,
			);
			defaultConfigurationIsVisible = 0;
			defaultConfigurationName = Release;
		};
/* End XCConfigurationList section */

/* Begin XCVersionGroup section */
		6424B972280327C400779615 /* TravelApp.xcdatamodeld */ = {
			isa = XCVersionGroup;
			children = (
				6424B973280327C400779615 /* TravelApp.xcdatamodel */,
			);
			currentVersion = 6424B973280327C400779615 /* TravelApp.xcdatamodel */;
			path = TravelApp.xcdatamodeld;
			sourceTree = "<group>";
			versionGroupType = wrapper.xcdatamodel;
		};
/* End XCVersionGroup section */
	};
	rootObject = 6459E31027EF557B00FF69C3 /* Project object */;
}
