{
  "pins" : [
    {
      "identity" : "bottomsheet",
      "kind" : "remoteSourceControl",
      "location" : "https://github.com/LucasMucGH/BottomSheet",
      "state" : {
        "revision" : "fd87c1d84d61d4c6fae179fef22d30407737f1e1",
        "version" : "2.7.0"
      }
    },
    {
      "identity" : "hstack-snap-to-scroll",
      "kind" : "remoteSourceControl",
      "location" : "https://github.com/swiftui-library/hstack-snap-to-scroll",
      "state" : {
        "revision" : "263470319f98008b1e0294129847e2837ad37d89",
        "version" : "1.0.2"
      }
    }
  ],
  "version" : 2
}
